// !$*UTF8*$!
{
	archiveVersion = 1;
	classes = {
	};
	objectVersion = 54;
	objects = {

/* Begin PBXBuildFile section */
		058557BB273AAA24004C7B11 /* Assets.xcassets in Resources */ = {isa = PBXBuildFile; fileRef = 058557BA273AAA24004C7B11 /* Assets.xcassets */; };
		058557D9273AAEEB004C7B11 /* Preview Assets.xcassets in Resources */ = {isa = PBXBuildFile; fileRef = 058557D8273AAEEB004C7B11 /* Preview Assets.xcassets */; };
		2152FB042600AC8F00CF470E /* iOSApp.swift in Sources */ = {isa = PBXBuildFile; fileRef = 2152FB032600AC8F00CF470E /* iOSApp.swift */; };
		2B48FCCF2BE73ACB0056CBFD /* CustomerProfileResponseModel.swift in Sources */ = {isa = PBXBuildFile; fileRef = 2B48FCCE2BE73ACB0056CBFD /* CustomerProfileResponseModel.swift */; };
		2B48FCD22BE73AEB0056CBFD /* addressModel.swift in Sources */ = {isa = PBXBuildFile; fileRef = 2B48FCD12BE73AEB0056CBFD /* addressModel.swift */; };
		2B48FCD42BE73AFF0056CBFD /* acountsModel.swift in Sources */ = {isa = PBXBuildFile; fileRef = 2B48FCD32BE73AFF0056CBFD /* acountsModel.swift */; };
		2B48FCE12BEE3E760056CBFD /* instrumentViewModel.swift in Sources */ = {isa = PBXBuildFile; fileRef = 2B48FCE02BEE3E760056CBFD /* instrumentViewModel.swift */; };
		2B48FCE32BEE40630056CBFD /* instrumentModel.swift in Sources */ = {isa = PBXBuildFile; fileRef = 2B48FCE22BEE40630056CBFD /* instrumentModel.swift */; };
		2B780CE02C048FCA007E54E9 /* depositStatus.swift in Sources */ = {isa = PBXBuildFile; fileRef = 2B780CDF2C048FCA007E54E9 /* depositStatus.swift */; };
		2B780CE22C0498C9007E54E9 /* depositeRequest.swift in Sources */ = {isa = PBXBuildFile; fileRef = 2B780CE12C0498C9007E54E9 /* depositeRequest.swift */; };
		2B81ACA32BE0E8AD000FCEB7 /* ErrorAlertView.swift in Sources */ = {isa = PBXBuildFile; fileRef = 2B81ACA22BE0E8AD000FCEB7 /* ErrorAlertView.swift */; };
		2B9AB0812BE2574D00CDD1E2 /* profileViewModel.swift in Sources */ = {isa = PBXBuildFile; fileRef = 2B9AB0802BE2574D00CDD1E2 /* profileViewModel.swift */; };
		2BA250FE2BE38A8000DA1997 /* loginModel.swift in Sources */ = {isa = PBXBuildFile; fileRef = 2BA250FD2BE38A8000DA1997 /* loginModel.swift */; };
		2BB9F3152BD7619E005AE48E /* password recovery.swift in Sources */ = {isa = PBXBuildFile; fileRef = 2BB9F30F2BD7619E005AE48E /* password recovery.swift */; };
		2BB9F3162BD7619E005AE48E /* RegistrationView.swift in Sources */ = {isa = PBXBuildFile; fileRef = 2BB9F3112BD7619E005AE48E /* RegistrationView.swift */; };
		2BB9F3172BD7619E005AE48E /* LoginView.swift in Sources */ = {isa = PBXBuildFile; fileRef = 2BB9F3132BD7619E005AE48E /* LoginView.swift */; };
		2BB9F3182BD7619E005AE48E /* BiometricAuthView.swift in Sources */ = {isa = PBXBuildFile; fileRef = 2BB9F3142BD7619E005AE48E /* BiometricAuthView.swift */; };
		2BB9F32B2BD761DF005AE48E /* BaseHomeView.swift in Sources */ = {isa = PBXBuildFile; fileRef = 2BB9F31C2BD761DF005AE48E /* BaseHomeView.swift */; };
		2BB9F32C2BD761DF005AE48E /* HomeView.swift in Sources */ = {isa = PBXBuildFile; fileRef = 2BB9F31E2BD761DF005AE48E /* HomeView.swift */; };
		2BB9F32D2BD761DF005AE48E /* ProfileView.swift in Sources */ = {isa = PBXBuildFile; fileRef = 2BB9F3202BD761DF005AE48E /* ProfileView.swift */; };
		2BB9F32E2BD761DF005AE48E /* IndicesView.swift in Sources */ = {isa = PBXBuildFile; fileRef = 2BB9F3232BD761DF005AE48E /* IndicesView.swift */; };
		2BB9F32F2BD761DF005AE48E /* NewsView.swift in Sources */ = {isa = PBXBuildFile; fileRef = 2BB9F3242BD761DF005AE48E /* NewsView.swift */; };
		2BB9F3302BD761DF005AE48E /* StocksView.swift in Sources */ = {isa = PBXBuildFile; fileRef = 2BB9F3252BD761DF005AE48E /* StocksView.swift */; };
		2BB9F3312BD761DF005AE48E /* OverviewView.swift in Sources */ = {isa = PBXBuildFile; fileRef = 2BB9F3262BD761DF005AE48E /* OverviewView.swift */; };
		2BB9F3322BD761DF005AE48E /* WatchlistView.swift in Sources */ = {isa = PBXBuildFile; fileRef = 2BB9F3272BD761DF005AE48E /* WatchlistView.swift */; };
		2BB9F3332BD761DF005AE48E /* marketView.swift in Sources */ = {isa = PBXBuildFile; fileRef = 2BB9F3282BD761DF005AE48E /* marketView.swift */; };
		2BB9F3342BD761DF005AE48E /* services.swift in Sources */ = {isa = PBXBuildFile; fileRef = 2BB9F32A2BD761DF005AE48E /* services.swift */; };
		2BB9F3422BD761E7005AE48E /* credit.swift in Sources */ = {isa = PBXBuildFile; fileRef = 2BB9F3382BD761E7005AE48E /* credit.swift */; };
		2BB9F3432BD761E7005AE48E /* debit.swift in Sources */ = {isa = PBXBuildFile; fileRef = 2BB9F3392BD761E7005AE48E /* debit.swift */; };
		2BB9F3442BD761E7005AE48E /* all_statements.swift in Sources */ = {isa = PBXBuildFile; fileRef = 2BB9F33A2BD761E7005AE48E /* all_statements.swift */; };
		2BB9F3452BD761E7005AE48E /* Ledger Statement.swift in Sources */ = {isa = PBXBuildFile; fileRef = 2BB9F33B2BD761E7005AE48E /* Ledger Statement.swift */; };
		2BB9F3462BD761E7005AE48E /* Balance.swift in Sources */ = {isa = PBXBuildFile; fileRef = 2BB9F33E2BD761E7005AE48E /* Balance.swift */; };
		2BB9F3472BD761E7005AE48E /* Receivable.swift in Sources */ = {isa = PBXBuildFile; fileRef = 2BB9F33F2BD761E7005AE48E /* Receivable.swift */; };
		2BB9F3482BD761E7005AE48E /* position.swift in Sources */ = {isa = PBXBuildFile; fileRef = 2BB9F3402BD761E7005AE48E /* position.swift */; };
		2BB9F3492BD761E7005AE48E /* Protfolio statement.swift in Sources */ = {isa = PBXBuildFile; fileRef = 2BB9F3412BD761E7005AE48E /* Protfolio statement.swift */; };
		2BCBB76F2BD14C2600FAE429 /* libsqlite3.tbd in Frameworks */ = {isa = PBXBuildFile; fileRef = 2BCBB76E2BD14C2600FAE429 /* libsqlite3.tbd */; };
		2BCBB77C2BD246D500FAE429 /* accountinstruments.json in Resources */ = {isa = PBXBuildFile; fileRef = 2BCBB7712BD246D400FAE429 /* accountinstruments.json */; };
		2BCBB77D2BD246D500FAE429 /* participationlist.json in Resources */ = {isa = PBXBuildFile; fileRef = 2BCBB7722BD246D400FAE429 /* participationlist.json */; };
		2BCBB77E2BD246D500FAE429 /* accountreceivable.json in Resources */ = {isa = PBXBuildFile; fileRef = 2BCBB7732BD246D400FAE429 /* accountreceivable.json */; };
		2BCBB77F2BD246D500FAE429 /* accounttransaction.json in Resources */ = {isa = PBXBuildFile; fileRef = 2BCBB7742BD246D400FAE429 /* accounttransaction.json */; };
		2BCBB7802BD246D500FAE429 /* finger_print_animation.json in Resources */ = {isa = PBXBuildFile; fileRef = 2BCBB7752BD246D400FAE429 /* finger_print_animation.json */; };
		2BCBB7812BD246D500FAE429 /* index.json in Resources */ = {isa = PBXBuildFile; fileRef = 2BCBB7762BD246D400FAE429 /* index.json */; };
		2BCBB7822BD246D500FAE429 /* accountbalance.json in Resources */ = {isa = PBXBuildFile; fileRef = 2BCBB7772BD246D400FAE429 /* accountbalance.json */; };
		2BCBB7832BD246D500FAE429 /* statuslist.json in Resources */ = {isa = PBXBuildFile; fileRef = 2BCBB7782BD246D400FAE429 /* statuslist.json */; };
		2BCBB7842BD246D500FAE429 /* news.json in Resources */ = {isa = PBXBuildFile; fileRef = 2BCBB7792BD246D500FAE429 /* news.json */; };
		2BCBB7852BD246D500FAE429 /* volumelist.json in Resources */ = {isa = PBXBuildFile; fileRef = 2BCBB77A2BD246D500FAE429 /* volumelist.json */; };
		2BCBB7862BD246D500FAE429 /* instrument.json in Resources */ = {isa = PBXBuildFile; fileRef = 2BCBB77B2BD246D500FAE429 /* instrument.json */; };
		2BCBB78B2BD279E400FAE429 /* IOSMockLoader.swift in Sources */ = {isa = PBXBuildFile; fileRef = 2BCBB78A2BD279E400FAE429 /* IOSMockLoader.swift */; };
		2BCBB78D2BD27AC900FAE429 /* AccountBalanceViewModel.swift in Sources */ = {isa = PBXBuildFile; fileRef = 2BCBB78C2BD27AC900FAE429 /* AccountBalanceViewModel.swift */; };
		2BCBB78F2BD280B600FAE429 /* accountModel.swift in Sources */ = {isa = PBXBuildFile; fileRef = 2BCBB78E2BD280B600FAE429 /* accountModel.swift */; };
		2BCBB79C2BD3D52300FAE429 /* TopSafeAreaColorModifier.swift in Sources */ = {isa = PBXBuildFile; fileRef = 2BCBB7952BD3D52200FAE429 /* TopSafeAreaColorModifier.swift */; };
		2BCBB79D2BD3D52300FAE429 /* Colors.swift in Sources */ = {isa = PBXBuildFile; fileRef = 2BCBB7962BD3D52200FAE429 /* Colors.swift */; };
		2BCBB79E2BD3D52300FAE429 /* dateFormatter.swift in Sources */ = {isa = PBXBuildFile; fileRef = 2BCBB7972BD3D52200FAE429 /* dateFormatter.swift */; };
		2BCBB79F2BD3D52300FAE429 /* ImagePicker.swift in Sources */ = {isa = PBXBuildFile; fileRef = 2BCBB7992BD3D52200FAE429 /* ImagePicker.swift */; };
		2BCBB7A02BD3D52300FAE429 /* Helper.swift in Sources */ = {isa = PBXBuildFile; fileRef = 2BCBB79A2BD3D52200FAE429 /* Helper.swift */; };
		2BCBB7A12BD3D52300FAE429 /* inputView.swift in Sources */ = {isa = PBXBuildFile; fileRef = 2BCBB79B2BD3D52200FAE429 /* inputView.swift */; };
/* End PBXBuildFile section */

/* Begin PBXCopyFilesBuildPhase section */
		7555FFB4242A642300829871 /* Embed Frameworks */ = {
			isa = PBXCopyFilesBuildPhase;
			buildActionMask = 2147483647;
			dstPath = "";
			dstSubfolderSpec = 10;
			files = (
			);
			name = "Embed Frameworks";
			runOnlyForDeploymentPostprocessing = 0;
		};
/* End PBXCopyFilesBuildPhase section */

/* Begin PBXFileReference section */
		058557BA273AAA24004C7B11 /* Assets.xcassets */ = {isa = PBXFileReference; lastKnownFileType = folder.assetcatalog; path = Assets.xcassets; sourceTree = "<group>"; };
		058557D8273AAEEB004C7B11 /* Preview Assets.xcassets */ = {isa = PBXFileReference; lastKnownFileType = folder.assetcatalog; path = "Preview Assets.xcassets"; sourceTree = "<group>"; };
		2152FB032600AC8F00CF470E /* iOSApp.swift */ = {isa = PBXFileReference; lastKnownFileType = sourcecode.swift; path = iOSApp.swift; sourceTree = "<group>"; };
		2B48FCCE2BE73ACB0056CBFD /* CustomerProfileResponseModel.swift */ = {isa = PBXFileReference; lastKnownFileType = sourcecode.swift; path = CustomerProfileResponseModel.swift; sourceTree = "<group>"; };
		2B48FCD12BE73AEB0056CBFD /* addressModel.swift */ = {isa = PBXFileReference; lastKnownFileType = sourcecode.swift; path = addressModel.swift; sourceTree = "<group>"; };
		2B48FCD32BE73AFF0056CBFD /* acountsModel.swift */ = {isa = PBXFileReference; lastKnownFileType = sourcecode.swift; path = acountsModel.swift; sourceTree = "<group>"; };
		2B48FCE02BEE3E760056CBFD /* instrumentViewModel.swift */ = {isa = PBXFileReference; lastKnownFileType = sourcecode.swift; path = instrumentViewModel.swift; sourceTree = "<group>"; };
		2B48FCE22BEE40630056CBFD /* instrumentModel.swift */ = {isa = PBXFileReference; lastKnownFileType = sourcecode.swift; path = instrumentModel.swift; sourceTree = "<group>"; };
		2B780CDF2C048FCA007E54E9 /* depositStatus.swift */ = {isa = PBXFileReference; lastKnownFileType = sourcecode.swift; path = depositStatus.swift; sourceTree = "<group>"; };
		2B780CE12C0498C9007E54E9 /* depositeRequest.swift */ = {isa = PBXFileReference; lastKnownFileType = sourcecode.swift; path = depositeRequest.swift; sourceTree = "<group>"; };
		2B81ACA22BE0E8AD000FCEB7 /* ErrorAlertView.swift */ = {isa = PBXFileReference; lastKnownFileType = sourcecode.swift; path = ErrorAlertView.swift; sourceTree = "<group>"; };
		2B9AB0802BE2574D00CDD1E2 /* profileViewModel.swift */ = {isa = PBXFileReference; lastKnownFileType = sourcecode.swift; path = profileViewModel.swift; sourceTree = "<group>"; };
		2BA250FD2BE38A8000DA1997 /* loginModel.swift */ = {isa = PBXFileReference; lastKnownFileType = sourcecode.swift; path = loginModel.swift; sourceTree = "<group>"; };
		2BB9F30F2BD7619E005AE48E /* password recovery.swift */ = {isa = PBXFileReference; fileEncoding = 4; lastKnownFileType = sourcecode.swift; path = "password recovery.swift"; sourceTree = "<group>"; };
		2BB9F3112BD7619E005AE48E /* RegistrationView.swift */ = {isa = PBXFileReference; fileEncoding = 4; lastKnownFileType = sourcecode.swift; path = RegistrationView.swift; sourceTree = "<group>"; };
		2BB9F3132BD7619E005AE48E /* LoginView.swift */ = {isa = PBXFileReference; fileEncoding = 4; lastKnownFileType = sourcecode.swift; path = LoginView.swift; sourceTree = "<group>"; };
		2BB9F3142BD7619E005AE48E /* BiometricAuthView.swift */ = {isa = PBXFileReference; fileEncoding = 4; lastKnownFileType = sourcecode.swift; path = BiometricAuthView.swift; sourceTree = "<group>"; };
		2BB9F31C2BD761DF005AE48E /* BaseHomeView.swift */ = {isa = PBXFileReference; fileEncoding = 4; lastKnownFileType = sourcecode.swift; path = BaseHomeView.swift; sourceTree = "<group>"; };
		2BB9F31E2BD761DF005AE48E /* HomeView.swift */ = {isa = PBXFileReference; fileEncoding = 4; lastKnownFileType = sourcecode.swift; path = HomeView.swift; sourceTree = "<group>"; };
		2BB9F3202BD761DF005AE48E /* ProfileView.swift */ = {isa = PBXFileReference; fileEncoding = 4; lastKnownFileType = sourcecode.swift; path = ProfileView.swift; sourceTree = "<group>"; };
		2BB9F3232BD761DF005AE48E /* IndicesView.swift */ = {isa = PBXFileReference; fileEncoding = 4; lastKnownFileType = sourcecode.swift; path = IndicesView.swift; sourceTree = "<group>"; };
		2BB9F3242BD761DF005AE48E /* NewsView.swift */ = {isa = PBXFileReference; fileEncoding = 4; lastKnownFileType = sourcecode.swift; path = NewsView.swift; sourceTree = "<group>"; };
		2BB9F3252BD761DF005AE48E /* StocksView.swift */ = {isa = PBXFileReference; fileEncoding = 4; lastKnownFileType = sourcecode.swift; path = StocksView.swift; sourceTree = "<group>"; };
		2BB9F3262BD761DF005AE48E /* OverviewView.swift */ = {isa = PBXFileReference; fileEncoding = 4; lastKnownFileType = sourcecode.swift; path = OverviewView.swift; sourceTree = "<group>"; };
		2BB9F3272BD761DF005AE48E /* WatchlistView.swift */ = {isa = PBXFileReference; fileEncoding = 4; lastKnownFileType = sourcecode.swift; path = WatchlistView.swift; sourceTree = "<group>"; };
		2BB9F3282BD761DF005AE48E /* marketView.swift */ = {isa = PBXFileReference; fileEncoding = 4; lastKnownFileType = sourcecode.swift; path = marketView.swift; sourceTree = "<group>"; };
		2BB9F32A2BD761DF005AE48E /* services.swift */ = {isa = PBXFileReference; fileEncoding = 4; lastKnownFileType = sourcecode.swift; path = services.swift; sourceTree = "<group>"; };
		2BB9F3382BD761E7005AE48E /* credit.swift */ = {isa = PBXFileReference; fileEncoding = 4; lastKnownFileType = sourcecode.swift; path = credit.swift; sourceTree = "<group>"; };
		2BB9F3392BD761E7005AE48E /* debit.swift */ = {isa = PBXFileReference; fileEncoding = 4; lastKnownFileType = sourcecode.swift; path = debit.swift; sourceTree = "<group>"; };
		2BB9F33A2BD761E7005AE48E /* all_statements.swift */ = {isa = PBXFileReference; fileEncoding = 4; lastKnownFileType = sourcecode.swift; path = all_statements.swift; sourceTree = "<group>"; };
		2BB9F33B2BD761E7005AE48E /* Ledger Statement.swift */ = {isa = PBXFileReference; fileEncoding = 4; lastKnownFileType = sourcecode.swift; path = "Ledger Statement.swift"; sourceTree = "<group>"; };
		2BB9F33E2BD761E7005AE48E /* Balance.swift */ = {isa = PBXFileReference; fileEncoding = 4; lastKnownFileType = sourcecode.swift; path = Balance.swift; sourceTree = "<group>"; };
		2BB9F33F2BD761E7005AE48E /* Receivable.swift */ = {isa = PBXFileReference; fileEncoding = 4; lastKnownFileType = sourcecode.swift; path = Receivable.swift; sourceTree = "<group>"; };
		2BB9F3402BD761E7005AE48E /* position.swift */ = {isa = PBXFileReference; fileEncoding = 4; lastKnownFileType = sourcecode.swift; path = position.swift; sourceTree = "<group>"; };
		2BB9F3412BD761E7005AE48E /* Protfolio statement.swift */ = {isa = PBXFileReference; fileEncoding = 4; lastKnownFileType = sourcecode.swift; path = "Protfolio statement.swift"; sourceTree = "<group>"; };
		2BCBB76E2BD14C2600FAE429 /* libsqlite3.tbd */ = {isa = PBXFileReference; lastKnownFileType = "sourcecode.text-based-dylib-definition"; name = libsqlite3.tbd; path = usr/lib/libsqlite3.tbd; sourceTree = SDKROOT; };
		2BCBB7712BD246D400FAE429 /* accountinstruments.json */ = {isa = PBXFileReference; fileEncoding = 4; lastKnownFileType = text.json; path = accountinstruments.json; sourceTree = "<group>"; };
		2BCBB7722BD246D400FAE429 /* participationlist.json */ = {isa = PBXFileReference; fileEncoding = 4; lastKnownFileType = text.json; path = participationlist.json; sourceTree = "<group>"; };
		2BCBB7732BD246D400FAE429 /* accountreceivable.json */ = {isa = PBXFileReference; fileEncoding = 4; lastKnownFileType = text.json; path = accountreceivable.json; sourceTree = "<group>"; };
		2BCBB7742BD246D400FAE429 /* accounttransaction.json */ = {isa = PBXFileReference; fileEncoding = 4; lastKnownFileType = text.json; path = accounttransaction.json; sourceTree = "<group>"; };
		2BCBB7752BD246D400FAE429 /* finger_print_animation.json */ = {isa = PBXFileReference; fileEncoding = 4; lastKnownFileType = text.json; path = finger_print_animation.json; sourceTree = "<group>"; };
		2BCBB7762BD246D400FAE429 /* index.json */ = {isa = PBXFileReference; fileEncoding = 4; lastKnownFileType = text.json; path = index.json; sourceTree = "<group>"; };
		2BCBB7772BD246D400FAE429 /* accountbalance.json */ = {isa = PBXFileReference; fileEncoding = 4; lastKnownFileType = text.json; path = accountbalance.json; sourceTree = "<group>"; };
		2BCBB7782BD246D400FAE429 /* statuslist.json */ = {isa = PBXFileReference; fileEncoding = 4; lastKnownFileType = text.json; path = statuslist.json; sourceTree = "<group>"; };
		2BCBB7792BD246D500FAE429 /* news.json */ = {isa = PBXFileReference; fileEncoding = 4; lastKnownFileType = text.json; path = news.json; sourceTree = "<group>"; };
		2BCBB77A2BD246D500FAE429 /* volumelist.json */ = {isa = PBXFileReference; fileEncoding = 4; lastKnownFileType = text.json; path = volumelist.json; sourceTree = "<group>"; };
		2BCBB77B2BD246D500FAE429 /* instrument.json */ = {isa = PBXFileReference; fileEncoding = 4; lastKnownFileType = text.json; path = instrument.json; sourceTree = "<group>"; };
		2BCBB78A2BD279E400FAE429 /* IOSMockLoader.swift */ = {isa = PBXFileReference; lastKnownFileType = sourcecode.swift; path = IOSMockLoader.swift; sourceTree = "<group>"; };
		2BCBB78C2BD27AC900FAE429 /* AccountBalanceViewModel.swift */ = {isa = PBXFileReference; lastKnownFileType = sourcecode.swift; path = AccountBalanceViewModel.swift; sourceTree = "<group>"; };
		2BCBB78E2BD280B600FAE429 /* accountModel.swift */ = {isa = PBXFileReference; lastKnownFileType = sourcecode.swift; path = accountModel.swift; sourceTree = "<group>"; };
		2BCBB7952BD3D52200FAE429 /* TopSafeAreaColorModifier.swift */ = {isa = PBXFileReference; fileEncoding = 4; lastKnownFileType = sourcecode.swift; path = TopSafeAreaColorModifier.swift; sourceTree = "<group>"; };
		2BCBB7962BD3D52200FAE429 /* Colors.swift */ = {isa = PBXFileReference; fileEncoding = 4; lastKnownFileType = sourcecode.swift; path = Colors.swift; sourceTree = "<group>"; };
		2BCBB7972BD3D52200FAE429 /* dateFormatter.swift */ = {isa = PBXFileReference; fileEncoding = 4; lastKnownFileType = sourcecode.swift; path = dateFormatter.swift; sourceTree = "<group>"; };
		2BCBB7992BD3D52200FAE429 /* ImagePicker.swift */ = {isa = PBXFileReference; fileEncoding = 4; lastKnownFileType = sourcecode.swift; path = ImagePicker.swift; sourceTree = "<group>"; };
		2BCBB79A2BD3D52200FAE429 /* Helper.swift */ = {isa = PBXFileReference; fileEncoding = 4; lastKnownFileType = sourcecode.swift; path = Helper.swift; sourceTree = "<group>"; };
		2BCBB79B2BD3D52200FAE429 /* inputView.swift */ = {isa = PBXFileReference; fileEncoding = 4; lastKnownFileType = sourcecode.swift; path = inputView.swift; sourceTree = "<group>"; };
		7555FF7B242A565900829871 /* iosApp.app */ = {isa = PBXFileReference; explicitFileType = wrapper.application; includeInIndex = 0; path = iosApp.app; sourceTree = BUILT_PRODUCTS_DIR; };
		7555FF8C242A565B00829871 /* Info.plist */ = {isa = PBXFileReference; lastKnownFileType = text.plist.xml; path = Info.plist; sourceTree = "<group>"; };
/* End PBXFileReference section */

/* Begin PBXFrameworksBuildPhase section */
		7555FF78242A565900829871 /* Frameworks */ = {
			isa = PBXFrameworksBuildPhase;
			buildActionMask = 2147483647;
			files = (
				2BCBB76F2BD14C2600FAE429 /* libsqlite3.tbd in Frameworks */,
			);
			runOnlyForDeploymentPostprocessing = 0;
		};
/* End PBXFrameworksBuildPhase section */

/* Begin PBXGroup section */
		058557D7273AAEEB004C7B11 /* Preview Content */ = {
			isa = PBXGroup;
			children = (
				058557D8273AAEEB004C7B11 /* Preview Assets.xcassets */,
			);
			path = "Preview Content";
			sourceTree = "<group>";
		};
		2B48FCD02BE73AD20056CBFD /* profileModel */ = {
			isa = PBXGroup;
			children = (
				2B48FCCE2BE73ACB0056CBFD /* CustomerProfileResponseModel.swift */,
				2B48FCD12BE73AEB0056CBFD /* addressModel.swift */,
				2B48FCD32BE73AFF0056CBFD /* acountsModel.swift */,
			);
			path = profileModel;
			sourceTree = "<group>";
		};
		2B48FCDA2BE9F1FC0056CBFD /* accountModel */ = {
			isa = PBXGroup;
			children = (
				2BCBB78E2BD280B600FAE429 /* accountModel.swift */,
			);
			path = accountModel;
			sourceTree = "<group>";
		};
		2B48FCDB2BEA25760056CBFD /* accountBalanceModel */ = {
			isa = PBXGroup;
			children = (
				2BCBB78C2BD27AC900FAE429 /* AccountBalanceViewModel.swift */,
			);
			path = accountBalanceModel;
			sourceTree = "<group>";
		};
		2B48FCDE2BEE3A3A0056CBFD /* instrumentModel */ = {
			isa = PBXGroup;
			children = (
				2B48FCE22BEE40630056CBFD /* instrumentModel.swift */,
			);
			path = instrumentModel;
			sourceTree = "<group>";
		};
		2B48FCDF2BEE3C1C0056CBFD /* instrumentViewModel */ = {
			isa = PBXGroup;
			children = (
				2B48FCE02BEE3E760056CBFD /* instrumentViewModel.swift */,
			);
			path = instrumentViewModel;
			sourceTree = "<group>";
		};
		2B780CDE2C048F30007E54E9 /* Redirect-pages */ = {
			isa = PBXGroup;
			children = (
				2B780CDF2C048FCA007E54E9 /* depositStatus.swift */,
				2B780CE12C0498C9007E54E9 /* depositeRequest.swift */,
			);
			path = "Redirect-pages";
			sourceTree = "<group>";
		};
		2B9AB07E2BE256F200CDD1E2 /* LoginViewModel */ = {
			isa = PBXGroup;
			children = (
				2BA250FD2BE38A8000DA1997 /* loginModel.swift */,
			);
			path = LoginViewModel;
			sourceTree = "<group>";
		};
		2B9AB07F2BE2570C00CDD1E2 /* ProfileViewModel */ = {
			isa = PBXGroup;
			children = (
				2B9AB0802BE2574D00CDD1E2 /* profileViewModel.swift */,
			);
			path = ProfileViewModel;
			sourceTree = "<group>";
		};
		2BB9F30D2BD7619E005AE48E /* Authantication */ = {
			isa = PBXGroup;
			children = (
				2BB9F30E2BD7619E005AE48E /* Forget Password */,
				2BB9F3102BD7619E005AE48E /* Registration */,
				2BB9F3122BD7619E005AE48E /* login */,
			);
			path = Authantication;
			sourceTree = "<group>";
		};
		2BB9F30E2BD7619E005AE48E /* Forget Password */ = {
			isa = PBXGroup;
			children = (
				2BB9F30F2BD7619E005AE48E /* password recovery.swift */,
			);
			path = "Forget Password";
			sourceTree = "<group>";
		};
		2BB9F3102BD7619E005AE48E /* Registration */ = {
			isa = PBXGroup;
			children = (
				2BB9F3112BD7619E005AE48E /* RegistrationView.swift */,
			);
			path = Registration;
			sourceTree = "<group>";
		};
		2BB9F3122BD7619E005AE48E /* login */ = {
			isa = PBXGroup;
			children = (
				2BB9F3132BD7619E005AE48E /* LoginView.swift */,
				2BB9F3142BD7619E005AE48E /* BiometricAuthView.swift */,
			);
			path = login;
			sourceTree = "<group>";
		};
		2BB9F3192BD761DF005AE48E /* TabViews */ = {
			isa = PBXGroup;
			children = (
				2BB9F31A2BD761DF005AE48E /* trade */,
				2BB9F31B2BD761DF005AE48E /* Home(BASE) */,
				2BB9F31D2BD761DF005AE48E /* HomeTab */,
				2BB9F31F2BD761DF005AE48E /* profile */,
				2BB9F3212BD761DF005AE48E /* market */,
				2BB9F3292BD761DF005AE48E /* services */,
			);
			path = TabViews;
			sourceTree = "<group>";
		};
		2BB9F31A2BD761DF005AE48E /* trade */ = {
			isa = PBXGroup;
			children = (
			);
			path = trade;
			sourceTree = "<group>";
		};
		2BB9F31B2BD761DF005AE48E /* Home(BASE) */ = {
			isa = PBXGroup;
			children = (
				2BB9F31C2BD761DF005AE48E /* BaseHomeView.swift */,
			);
			path = "Home(BASE)";
			sourceTree = "<group>";
		};
		2BB9F31D2BD761DF005AE48E /* HomeTab */ = {
			isa = PBXGroup;
			children = (
				2BB9F31E2BD761DF005AE48E /* HomeView.swift */,
			);
			path = HomeTab;
			sourceTree = "<group>";
		};
		2BB9F31F2BD761DF005AE48E /* profile */ = {
			isa = PBXGroup;
			children = (
				2BB9F3202BD761DF005AE48E /* ProfileView.swift */,
			);
			path = profile;
			sourceTree = "<group>";
		};
		2BB9F3212BD761DF005AE48E /* market */ = {
			isa = PBXGroup;
			children = (
				2BB9F3282BD761DF005AE48E /* marketView.swift */,
				2BB9F3222BD761DF005AE48E /* tabs */,
			);
			path = market;
			sourceTree = "<group>";
		};
		2BB9F3222BD761DF005AE48E /* tabs */ = {
			isa = PBXGroup;
			children = (
				2BB9F3232BD761DF005AE48E /* IndicesView.swift */,
				2BB9F3242BD761DF005AE48E /* NewsView.swift */,
				2BB9F3252BD761DF005AE48E /* StocksView.swift */,
				2BB9F3262BD761DF005AE48E /* OverviewView.swift */,
				2BB9F3272BD761DF005AE48E /* WatchlistView.swift */,
			);
			path = tabs;
			sourceTree = "<group>";
		};
		2BB9F3292BD761DF005AE48E /* services */ = {
			isa = PBXGroup;
			children = (
				2BB9F32A2BD761DF005AE48E /* services.swift */,
				2B780CDE2C048F30007E54E9 /* Redirect-pages */,
			);
			path = services;
			sourceTree = "<group>";
		};
		2BB9F3352BD761E7005AE48E /* otherViews */ = {
			isa = PBXGroup;
			children = (
				2BB9F3362BD761E7005AE48E /* LedgerStatement */,
				2BB9F33C2BD761E7005AE48E /* ProtfolioStatement */,
			);
			path = otherViews;
			sourceTree = "<group>";
		};
		2BB9F3362BD761E7005AE48E /* LedgerStatement */ = {
			isa = PBXGroup;
			children = (
				2BB9F3372BD761E7005AE48E /* tabs */,
				2BB9F33B2BD761E7005AE48E /* Ledger Statement.swift */,
			);
			path = LedgerStatement;
			sourceTree = "<group>";
		};
		2BB9F3372BD761E7005AE48E /* tabs */ = {
			isa = PBXGroup;
			children = (
				2BB9F3382BD761E7005AE48E /* credit.swift */,
				2BB9F3392BD761E7005AE48E /* debit.swift */,
				2BB9F33A2BD761E7005AE48E /* all_statements.swift */,
			);
			path = tabs;
			sourceTree = "<group>";
		};
		2BB9F33C2BD761E7005AE48E /* ProtfolioStatement */ = {
			isa = PBXGroup;
			children = (
				2BB9F33D2BD761E7005AE48E /* tabs */,
				2BB9F3412BD761E7005AE48E /* Protfolio statement.swift */,
			);
			path = ProtfolioStatement;
			sourceTree = "<group>";
		};
		2BB9F33D2BD761E7005AE48E /* tabs */ = {
			isa = PBXGroup;
			children = (
				2BB9F33E2BD761E7005AE48E /* Balance.swift */,
				2BB9F33F2BD761E7005AE48E /* Receivable.swift */,
				2BB9F3402BD761E7005AE48E /* position.swift */,
			);
			path = tabs;
			sourceTree = "<group>";
		};
		2BCBB7702BD2465000FAE429 /* Resources */ = {
			isa = PBXGroup;
			children = (
				2BCBB7772BD246D400FAE429 /* accountbalance.json */,
				2BCBB7712BD246D400FAE429 /* accountinstruments.json */,
				2BCBB7732BD246D400FAE429 /* accountreceivable.json */,
				2BCBB7742BD246D400FAE429 /* accounttransaction.json */,
				2BCBB7752BD246D400FAE429 /* finger_print_animation.json */,
				2BCBB7762BD246D400FAE429 /* index.json */,
				2BCBB77B2BD246D500FAE429 /* instrument.json */,
				2BCBB7792BD246D500FAE429 /* news.json */,
				2BCBB7722BD246D400FAE429 /* participationlist.json */,
				2BCBB7782BD246D400FAE429 /* statuslist.json */,
				2BCBB77A2BD246D500FAE429 /* volumelist.json */,
			);
			path = Resources;
			sourceTree = "<group>";
		};
		2BCBB7872BD278CA00FAE429 /* model */ = {
			isa = PBXGroup;
			children = (
				2B48FCDE2BEE3A3A0056CBFD /* instrumentModel */,
				2B48FCDA2BE9F1FC0056CBFD /* accountModel */,
				2B48FCD02BE73AD20056CBFD /* profileModel */,
			);
			path = model;
			sourceTree = "<group>";
		};
		2BCBB7882BD278D300FAE429 /* view */ = {
			isa = PBXGroup;
			children = (
				2BB9F3352BD761E7005AE48E /* otherViews */,
				2BB9F3192BD761DF005AE48E /* TabViews */,
				2BB9F30D2BD7619E005AE48E /* Authantication */,
			);
			path = view;
			sourceTree = "<group>";
		};
		2BCBB7892BD278D800FAE429 /* viewModel */ = {
			isa = PBXGroup;
			children = (
				2B48FCDF2BEE3C1C0056CBFD /* instrumentViewModel */,
				2B48FCDB2BEA25760056CBFD /* accountBalanceModel */,
				2B9AB07F2BE2570C00CDD1E2 /* ProfileViewModel */,
				2B9AB07E2BE256F200CDD1E2 /* LoginViewModel */,
				2BCBB78A2BD279E400FAE429 /* IOSMockLoader.swift */,
			);
			path = viewModel;
			sourceTree = "<group>";
		};
		2BCBB7922BD3146800FAE429 /* Root */ = {
			isa = PBXGroup;
			children = (
				2152FB032600AC8F00CF470E /* iOSApp.swift */,
			);
			path = Root;
			sourceTree = "<group>";
		};
		2BCBB7932BD3D52200FAE429 /* Component */ = {
			isa = PBXGroup;
			children = (
				2BCBB7942BD3D52200FAE429 /* styling */,
				2BCBB7972BD3D52200FAE429 /* dateFormatter.swift */,
				2BCBB7982BD3D52200FAE429 /* Helper */,
				2BCBB79B2BD3D52200FAE429 /* inputView.swift */,
				2B81ACA22BE0E8AD000FCEB7 /* ErrorAlertView.swift */,
			);
			path = Component;
			sourceTree = "<group>";
		};
		2BCBB7942BD3D52200FAE429 /* styling */ = {
			isa = PBXGroup;
			children = (
				2BCBB7952BD3D52200FAE429 /* TopSafeAreaColorModifier.swift */,
				2BCBB7962BD3D52200FAE429 /* Colors.swift */,
			);
			path = styling;
			sourceTree = "<group>";
		};
		2BCBB7982BD3D52200FAE429 /* Helper */ = {
			isa = PBXGroup;
			children = (
				2BCBB7992BD3D52200FAE429 /* ImagePicker.swift */,
				2BCBB79A2BD3D52200FAE429 /* Helper.swift */,
			);
			path = Helper;
			sourceTree = "<group>";
		};
		7555FF72242A565900829871 = {
			isa = PBXGroup;
			children = (
				7555FF7D242A565900829871 /* iosApp */,
				7555FF7C242A565900829871 /* Products */,
				7555FFB0242A642200829871 /* Frameworks */,
			);
			sourceTree = "<group>";
		};
		7555FF7C242A565900829871 /* Products */ = {
			isa = PBXGroup;
			children = (
				7555FF7B242A565900829871 /* iosApp.app */,
			);
			name = Products;
			sourceTree = "<group>";
		};
		7555FF7D242A565900829871 /* iosApp */ = {
			isa = PBXGroup;
			children = (
				2BCBB7922BD3146800FAE429 /* Root */,
				2BCBB7932BD3D52200FAE429 /* Component */,
				2BCBB7702BD2465000FAE429 /* Resources */,
				2BCBB7872BD278CA00FAE429 /* model */,
				2BCBB7882BD278D300FAE429 /* view */,
				2BCBB7892BD278D800FAE429 /* viewModel */,
				058557BA273AAA24004C7B11 /* Assets.xcassets */,
				7555FF8C242A565B00829871 /* Info.plist */,
				058557D7273AAEEB004C7B11 /* Preview Content */,
			);
			path = iosApp;
			sourceTree = "<group>";
		};
		7555FFB0242A642200829871 /* Frameworks */ = {
			isa = PBXGroup;
			children = (
				2BCBB76E2BD14C2600FAE429 /* libsqlite3.tbd */,
			);
			name = Frameworks;
			sourceTree = "<group>";
		};
/* End PBXGroup section */

/* Begin PBXNativeTarget section */
		7555FF7A242A565900829871 /* iosApp */ = {
			isa = PBXNativeTarget;
			buildConfigurationList = 7555FFA5242A565B00829871 /* Build configuration list for PBXNativeTarget "iosApp" */;
			buildPhases = (
				7555FFB5242A651A00829871 /* ShellScript */,
				7555FF77242A565900829871 /* Sources */,
				7555FF78242A565900829871 /* Frameworks */,
				7555FF79242A565900829871 /* Resources */,
				7555FFB4242A642300829871 /* Embed Frameworks */,
			);
			buildRules = (
			);
			dependencies = (
			);
			name = iosApp;
			productName = iosApp;
			productReference = 7555FF7B242A565900829871 /* iosApp.app */;
			productType = "com.apple.product-type.application";
		};
/* End PBXNativeTarget section */

/* Begin PBXProject section */
		7555FF73242A565900829871 /* Project object */ = {
			isa = PBXProject;
			attributes = {
				BuildIndependentTargetsInParallel = YES;
				LastSwiftUpdateCheck = 1130;
				LastUpgradeCheck = 1510;
				ORGANIZATIONNAME = orgName;
				TargetAttributes = {
					7555FF7A242A565900829871 = {
						CreatedOnToolsVersion = 11.3.1;
					};
				};
			};
			buildConfigurationList = 7555FF76242A565900829871 /* Build configuration list for PBXProject "iosApp" */;
			compatibilityVersion = "Xcode 9.3";
			developmentRegion = en;
			hasScannedForEncodings = 0;
			knownRegions = (
				en,
				Base,
			);
			mainGroup = 7555FF72242A565900829871;
			productRefGroup = 7555FF7C242A565900829871 /* Products */;
			projectDirPath = "";
			projectRoot = "";
			targets = (
				7555FF7A242A565900829871 /* iosApp */,
			);
		};
/* End PBXProject section */

/* Begin PBXResourcesBuildPhase section */
		7555FF79242A565900829871 /* Resources */ = {
			isa = PBXResourcesBuildPhase;
			buildActionMask = 2147483647;
			files = (
				058557D9273AAEEB004C7B11 /* Preview Assets.xcassets in Resources */,
				2BCBB77D2BD246D500FAE429 /* participationlist.json in Resources */,
				2BCBB7812BD246D500FAE429 /* index.json in Resources */,
				2BCBB7832BD246D500FAE429 /* statuslist.json in Resources */,
				2BCBB7842BD246D500FAE429 /* news.json in Resources */,
				2BCBB77F2BD246D500FAE429 /* accounttransaction.json in Resources */,
				2BCBB7802BD246D500FAE429 /* finger_print_animation.json in Resources */,
				2BCBB77C2BD246D500FAE429 /* accountinstruments.json in Resources */,
				2BCBB7822BD246D500FAE429 /* accountbalance.json in Resources */,
				2BCBB77E2BD246D500FAE429 /* accountreceivable.json in Resources */,
				058557BB273AAA24004C7B11 /* Assets.xcassets in Resources */,
				2BCBB7862BD246D500FAE429 /* instrument.json in Resources */,
				2BCBB7852BD246D500FAE429 /* volumelist.json in Resources */,
			);
			runOnlyForDeploymentPostprocessing = 0;
		};
/* End PBXResourcesBuildPhase section */

/* Begin PBXShellScriptBuildPhase section */
		7555FFB5242A651A00829871 /* ShellScript */ = {
			isa = PBXShellScriptBuildPhase;
			buildActionMask = 2147483647;
			files = (
			);
			inputFileListPaths = (
			);
			inputPaths = (
			);
			outputFileListPaths = (
			);
			outputPaths = (
			);
			runOnlyForDeploymentPostprocessing = 0;
			shellPath = /bin/sh;
			shellScript = "\ncd \"$SRCROOT/..\"\n./gradlew :shared:embedAndSignAppleFrameworkForXcode\n";
		};
/* End PBXShellScriptBuildPhase section */

/* Begin PBXSourcesBuildPhase section */
		7555FF77242A565900829871 /* Sources */ = {
			isa = PBXSourcesBuildPhase;
			buildActionMask = 2147483647;
			files = (
				2BCBB7A12BD3D52300FAE429 /* inputView.swift in Sources */,
				2B48FCD42BE73AFF0056CBFD /* acountsModel.swift in Sources */,
				2B81ACA32BE0E8AD000FCEB7 /* ErrorAlertView.swift in Sources */,
				2BCBB79E2BD3D52300FAE429 /* dateFormatter.swift in Sources */,
				2BCBB78F2BD280B600FAE429 /* accountModel.swift in Sources */,
				2BB9F3472BD761E7005AE48E /* Receivable.swift in Sources */,
				2BB9F3162BD7619E005AE48E /* RegistrationView.swift in Sources */,
				2152FB042600AC8F00CF470E /* iOSApp.swift in Sources */,
				2BB9F3152BD7619E005AE48E /* password recovery.swift in Sources */,
				2BB9F3302BD761DF005AE48E /* StocksView.swift in Sources */,
				2B48FCE32BEE40630056CBFD /* instrumentModel.swift in Sources */,
				2BCBB79F2BD3D52300FAE429 /* ImagePicker.swift in Sources */,
				2BB9F3432BD761E7005AE48E /* debit.swift in Sources */,
				2BB9F3492BD761E7005AE48E /* Protfolio statement.swift in Sources */,
				2BCBB79C2BD3D52300FAE429 /* TopSafeAreaColorModifier.swift in Sources */,
				2BB9F32E2BD761DF005AE48E /* IndicesView.swift in Sources */,
				2BB9F3422BD761E7005AE48E /* credit.swift in Sources */,
				2BB9F3342BD761DF005AE48E /* services.swift in Sources */,
				2BB9F3172BD7619E005AE48E /* LoginView.swift in Sources */,
				2BB9F32C2BD761DF005AE48E /* HomeView.swift in Sources */,
				2B9AB0812BE2574D00CDD1E2 /* profileViewModel.swift in Sources */,
				2BB9F3442BD761E7005AE48E /* all_statements.swift in Sources */,
				2B48FCD22BE73AEB0056CBFD /* addressModel.swift in Sources */,
				2BB9F3462BD761E7005AE48E /* Balance.swift in Sources */,
				2BB9F32D2BD761DF005AE48E /* ProfileView.swift in Sources */,
				2B48FCE12BEE3E760056CBFD /* instrumentViewModel.swift in Sources */,
				2BCBB79D2BD3D52300FAE429 /* Colors.swift in Sources */,
				2BB9F3322BD761DF005AE48E /* WatchlistView.swift in Sources */,
				2BB9F32F2BD761DF005AE48E /* NewsView.swift in Sources */,
				2BCBB78B2BD279E400FAE429 /* IOSMockLoader.swift in Sources */,
				2BCBB7A02BD3D52300FAE429 /* Helper.swift in Sources */,
				2BB9F3332BD761DF005AE48E /* marketView.swift in Sources */,
				2B780CE22C0498C9007E54E9 /* depositeRequest.swift in Sources */,
				2BA250FE2BE38A8000DA1997 /* loginModel.swift in Sources */,
				2B48FCCF2BE73ACB0056CBFD /* CustomerProfileResponseModel.swift in Sources */,
				2BB9F32B2BD761DF005AE48E /* BaseHomeView.swift in Sources */,
				2BB9F3182BD7619E005AE48E /* BiometricAuthView.swift in Sources */,
				2BCBB78D2BD27AC900FAE429 /* AccountBalanceViewModel.swift in Sources */,
				2B780CE02C048FCA007E54E9 /* depositStatus.swift in Sources */,
				2BB9F3312BD761DF005AE48E /* OverviewView.swift in Sources */,
				2BB9F3482BD761E7005AE48E /* position.swift in Sources */,
				2BB9F3452BD761E7005AE48E /* Ledger Statement.swift in Sources */,
			);
			runOnlyForDeploymentPostprocessing = 0;
		};
/* End PBXSourcesBuildPhase section */

/* Begin XCBuildConfiguration section */
		7555FFA3242A565B00829871 /* Debug */ = {
			isa = XCBuildConfiguration;
			buildSettings = {
				ALWAYS_SEARCH_USER_PATHS = NO;
				CLANG_ANALYZER_NONNULL = YES;
				CLANG_ANALYZER_NUMBER_OBJECT_CONVERSION = YES_AGGRESSIVE;
				CLANG_CXX_LANGUAGE_STANDARD = "gnu++14";
				CLANG_CXX_LIBRARY = "libc++";
				CLANG_ENABLE_MODULES = YES;
				CLANG_ENABLE_OBJC_ARC = YES;
				CLANG_ENABLE_OBJC_WEAK = YES;
				CLANG_WARN_BLOCK_CAPTURE_AUTORELEASING = YES;
				CLANG_WARN_BOOL_CONVERSION = YES;
				CLANG_WARN_COMMA = YES;
				CLANG_WARN_CONSTANT_CONVERSION = YES;
				CLANG_WARN_DEPRECATED_OBJC_IMPLEMENTATIONS = YES;
				CLANG_WARN_DIRECT_OBJC_ISA_USAGE = YES_ERROR;
				CLANG_WARN_DOCUMENTATION_COMMENTS = YES;
				CLANG_WARN_EMPTY_BODY = YES;
				CLANG_WARN_ENUM_CONVERSION = YES;
				CLANG_WARN_INFINITE_RECURSION = YES;
				CLANG_WARN_INT_CONVERSION = YES;
				CLANG_WARN_NON_LITERAL_NULL_CONVERSION = YES;
				CLANG_WARN_OBJC_IMPLICIT_RETAIN_SELF = YES;
				CLANG_WARN_OBJC_LITERAL_CONVERSION = YES;
				CLANG_WARN_OBJC_ROOT_CLASS = YES_ERROR;
				CLANG_WARN_QUOTED_INCLUDE_IN_FRAMEWORK_HEADER = YES;
				CLANG_WARN_RANGE_LOOP_ANALYSIS = YES;
				CLANG_WARN_STRICT_PROTOTYPES = YES;
				CLANG_WARN_SUSPICIOUS_MOVE = YES;
				CLANG_WARN_UNGUARDED_AVAILABILITY = YES_AGGRESSIVE;
				CLANG_WARN_UNREACHABLE_CODE = YES;
				CLANG_WARN__DUPLICATE_METHOD_MATCH = YES;
				COPY_PHASE_STRIP = NO;
				DEBUG_INFORMATION_FORMAT = "dwarf-with-dsym";
				ENABLE_STRICT_OBJC_MSGSEND = YES;
				ENABLE_TESTABILITY = YES;
				ENABLE_USER_SCRIPT_SANDBOXING = YES;
				GCC_C_LANGUAGE_STANDARD = gnu11;
				GCC_DYNAMIC_NO_PIC = NO;
				GCC_NO_COMMON_BLOCKS = YES;
				GCC_OPTIMIZATION_LEVEL = 0;
				GCC_PREPROCESSOR_DEFINITIONS = (
					"DEBUG=1",
					"$(inherited)",
				);
				GCC_WARN_64_TO_32_BIT_CONVERSION = YES;
				GCC_WARN_ABOUT_RETURN_TYPE = YES_ERROR;
				GCC_WARN_UNDECLARED_SELECTOR = YES;
				GCC_WARN_UNINITIALIZED_AUTOS = YES_AGGRESSIVE;
				GCC_WARN_UNUSED_FUNCTION = YES;
				GCC_WARN_UNUSED_VARIABLE = YES;
				IPHONEOS_DEPLOYMENT_TARGET = 16.0;
				MTL_ENABLE_DEBUG_INFO = INCLUDE_SOURCE;
				MTL_FAST_MATH = YES;
				ONLY_ACTIVE_ARCH = YES;
				SDKROOT = iphoneos;
				SWIFT_ACTIVE_COMPILATION_CONDITIONS = DEBUG;
				SWIFT_OPTIMIZATION_LEVEL = "-Onone";
			};
			name = Debug;
		};
		7555FFA4242A565B00829871 /* Release */ = {
			isa = XCBuildConfiguration;
			buildSettings = {
				ALWAYS_SEARCH_USER_PATHS = NO;
				CLANG_ANALYZER_NONNULL = YES;
				CLANG_ANALYZER_NUMBER_OBJECT_CONVERSION = YES_AGGRESSIVE;
				CLANG_CXX_LANGUAGE_STANDARD = "gnu++14";
				CLANG_CXX_LIBRARY = "libc++";
				CLANG_ENABLE_MODULES = YES;
				CLANG_ENABLE_OBJC_ARC = YES;
				CLANG_ENABLE_OBJC_WEAK = YES;
				CLANG_WARN_BLOCK_CAPTURE_AUTORELEASING = YES;
				CLANG_WARN_BOOL_CONVERSION = YES;
				CLANG_WARN_COMMA = YES;
				CLANG_WARN_CONSTANT_CONVERSION = YES;
				CLANG_WARN_DEPRECATED_OBJC_IMPLEMENTATIONS = YES;
				CLANG_WARN_DIRECT_OBJC_ISA_USAGE = YES_ERROR;
				CLANG_WARN_DOCUMENTATION_COMMENTS = YES;
				CLANG_WARN_EMPTY_BODY = YES;
				CLANG_WARN_ENUM_CONVERSION = YES;
				CLANG_WARN_INFINITE_RECURSION = YES;
				CLANG_WARN_INT_CONVERSION = YES;
				CLANG_WARN_NON_LITERAL_NULL_CONVERSION = YES;
				CLANG_WARN_OBJC_IMPLICIT_RETAIN_SELF = YES;
				CLANG_WARN_OBJC_LITERAL_CONVERSION = YES;
				CLANG_WARN_OBJC_ROOT_CLASS = YES_ERROR;
				CLANG_WARN_QUOTED_INCLUDE_IN_FRAMEWORK_HEADER = YES;
				CLANG_WARN_RANGE_LOOP_ANALYSIS = YES;
				CLANG_WARN_STRICT_PROTOTYPES = YES;
				CLANG_WARN_SUSPICIOUS_MOVE = YES;
				CLANG_WARN_UNGUARDED_AVAILABILITY = YES_AGGRESSIVE;
				CLANG_WARN_UNREACHABLE_CODE = YES;
				CLANG_WARN__DUPLICATE_METHOD_MATCH = YES;
				COPY_PHASE_STRIP = NO;
				DEBUG_INFORMATION_FORMAT = "dwarf-with-dsym";
				ENABLE_NS_ASSERTIONS = NO;
				ENABLE_STRICT_OBJC_MSGSEND = YES;
				ENABLE_USER_SCRIPT_SANDBOXING = YES;
				GCC_C_LANGUAGE_STANDARD = gnu11;
				GCC_NO_COMMON_BLOCKS = YES;
				GCC_WARN_64_TO_32_BIT_CONVERSION = YES;
				GCC_WARN_ABOUT_RETURN_TYPE = YES_ERROR;
				GCC_WARN_UNDECLARED_SELECTOR = YES;
				GCC_WARN_UNINITIALIZED_AUTOS = YES_AGGRESSIVE;
				GCC_WARN_UNUSED_FUNCTION = YES;
				GCC_WARN_UNUSED_VARIABLE = YES;
				IPHONEOS_DEPLOYMENT_TARGET = 16.0;
				MTL_ENABLE_DEBUG_INFO = NO;
				MTL_FAST_MATH = YES;
				SDKROOT = iphoneos;
				SWIFT_COMPILATION_MODE = wholemodule;
				SWIFT_OPTIMIZATION_LEVEL = "-O";
				VALIDATE_PRODUCT = YES;
			};
			name = Release;
		};
		7555FFA6242A565B00829871 /* Debug */ = {
			isa = XCBuildConfiguration;
			buildSettings = {
				ASSETCATALOG_COMPILER_APPICON_NAME = AppIcon;
				CODE_SIGN_STYLE = Automatic;
				DEVELOPMENT_ASSET_PATHS = "\"iosApp/Preview Content\"";
				DEVELOPMENT_TEAM = 882P3LHU42;
				ENABLE_PREVIEWS = YES;
				FRAMEWORK_SEARCH_PATHS = (
					"$(inherited)",
					"$(SRCROOT)/../shared/build/xcode-frameworks/$(CONFIGURATION)/$(SDK_NAME)",
				);
				INFOPLIST_FILE = iosApp/Info.plist;
				INFOPLIST_KEY_CFBundleDisplayName = Capita;
				IPHONEOS_DEPLOYMENT_TARGET = 16.0;
				LD_RUNPATH_SEARCH_PATHS = (
					"$(inherited)",
					"@executable_path/Frameworks",
				);
				OTHER_LDFLAGS = (
					"$(inherited)",
					"-framework",
					shared,
				);
				PRODUCT_BUNDLE_IDENTIFIER = orgIdentifier.iosApp1;
				PRODUCT_NAME = "$(TARGET_NAME)";
				SWIFT_VERSION = 5.0;
				TARGETED_DEVICE_FAMILY = "1,2";
			};
			name = Debug;
		};
		7555FFA7242A565B00829871 /* Release */ = {
			isa = XCBuildConfiguration;
			buildSettings = {
				ASSETCATALOG_COMPILER_APPICON_NAME = AppIcon;
				CODE_SIGN_STYLE = Automatic;
				DEVELOPMENT_ASSET_PATHS = "\"iosApp/Preview Content\"";
				DEVELOPMENT_TEAM = 882P3LHU42;
				ENABLE_PREVIEWS = YES;
				FRAMEWORK_SEARCH_PATHS = (
					"$(inherited)",
					"$(SRCROOT)/../shared/build/xcode-frameworks/$(CONFIGURATION)/$(SDK_NAME)",
				);
				INFOPLIST_FILE = iosApp/Info.plist;
				INFOPLIST_KEY_CFBundleDisplayName = Capita;
				IPHONEOS_DEPLOYMENT_TARGET = 16.0;
				LD_RUNPATH_SEARCH_PATHS = (
					"$(inherited)",
					"@executable_path/Frameworks",
				);
				OTHER_LDFLAGS = (
					"$(inherited)",
					"-framework",
					shared,
				);
				PRODUCT_BUNDLE_IDENTIFIER = orgIdentifier.iosApp1;
				PRODUCT_NAME = "$(TARGET_NAME)";
				SWIFT_VERSION = 5.0;
				TARGETED_DEVICE_FAMILY = "1,2";
			};
			name = Release;
		};
/* End XCBuildConfiguration section */

/* Begin XCConfigurationList section */
		7555FF76242A565900829871 /* Build configuration list for PBXProject "iosApp" */ = {
			isa = XCConfigurationList;
			buildConfigurations = (
				7555FFA3242A565B00829871 /* Debug */,
				7555FFA4242A565B00829871 /* Release */,
			);
			defaultConfigurationIsVisible = 0;
			defaultConfigurationName = Release;
		};
		7555FFA5242A565B00829871 /* Build configuration list for PBXNativeTarget "iosApp" */ = {
			isa = XCConfigurationList;
			buildConfigurations = (
				7555FFA6242A565B00829871 /* Debug */,
				7555FFA7242A565B00829871 /* Release */,
			);
			defaultConfigurationIsVisible = 0;
			defaultConfigurationName = Release;
		};
/* End XCConfigurationList section */
	};
	rootObject = 7555FF73242A565900829871 /* Project object */;
}
